{
  "name": "vuepress",
  "version": "1.0.0",
  "lockfileVersion": 1,
  "requires": true,
  "dependencies": {
    "markdown-it-emoji": {
      "version": "1.4.0",
      "resolved": "https://registry.npmjs.org/markdown-it-emoji/-/markdown-it-emoji-1.4.0.tgz",
      "integrity": "sha1-m+4OmpkKljupbfaYDE/dsF37Tcw="
    },
    "moment": {
      "version": "2.22.1",
      "resolved": "https://registry.npmjs.org/moment/-/moment-2.22.1.tgz",
      "integrity": "sha512-shJkRTSebXvsVqk56I+lkb2latjBs8I+pc2TzWc545y2iFnSjm7Wg0QMh+ZWcdSLQyGEau5jI8ocnmkyTgr9YQ=="
    },
    "vuetify": {
      "version": "1.1.8",
      "resolved": "https://registry.npmjs.org/vuetify/-/vuetify-1.1.8.tgz",
      "integrity": "sha512-22PQGO/GfO8FG45G9Yz1CISZ4AD3i8XFvAVNuoiJ9vCXZYIevLlMPwx73PTOhZxmfgCC0z+gfWwnLOkPpEUlAQ==",
      "dev": true
    }
  }
}
